
Microsoft Visual Studio Solution File, Format Version 12.00
# Visual Studio Version 17
VisualStudioVersion = 17.14.36301.6 d17.14
MinimumVisualStudioVersion = 10.0.40219.1
Project("{FAE04EC0-301F-11D3-BF4B-00C04F79EFBC}") = "client_supervisor", "client_supervisor\client_supervisor.csproj", "{C928A651-E44D-45B3-96C7-B6FCD8D6EBC1}"
EndProject
Global
	GlobalSection(SolutionConfigurationPlatforms) = preSolution
		Debug|Any CPU = Debug|Any CPU
		Release|Any CPU = Release|Any CPU
	EndGlobalSection
	GlobalSection(ProjectConfigurationPlatforms) = postSolution
		{C928A651-E44D-45B3-96C7-B6FCD8D6EBC1}.Debug|Any CPU.ActiveCfg = Debug|Any CPU
		{C928A651-E44D-45B3-96C7-B6FCD8D6EBC1}.Debug|Any CPU.Build.0 = Debug|Any CPU
		{C928A651-E44D-45B3-96C7-B6FCD8D6EBC1}.Release|Any CPU.ActiveCfg = Release|Any CPU
		{C928A651-E44D-45B3-96C7-B6FCD8D6EBC1}.Release|Any CPU.Build.0 = Release|Any CPU
	EndGlobalSection
	GlobalSection(SolutionProperties) = preSolution
		HideSolutionNode = FALSE
	EndGlobalSection
	GlobalSection(ExtensibilityGlobals) = postSolution
		SolutionGuid = {79905E42-F11B-4B4A-AFFA-2DF7A8CE35C7}
	EndGlobalSection
EndGlobal
