
Microsoft Visual Studio Solution File, Format Version 12.00
# Visual Studio Version 17
VisualStudioVersion = 17.14.36221.1 d17.14
MinimumVisualStudioVersion = 10.0.40219.1
Project("{FAE04EC0-301F-11D3-BF4B-00C04F79EFBC}") = "mic2", "mic2.csproj", "{20D99FB9-EE69-4DE3-A739-3FA64B333A4B}"
EndProject
Global
	GlobalSection(SolutionConfigurationPlatforms) = preSolution
		Debug|Any CPU = Debug|Any CPU
		Release|Any CPU = Release|Any CPU
	EndGlobalSection
	GlobalSection(ProjectConfigurationPlatforms) = postSolution
		{20D99FB9-EE69-4DE3-A739-3FA64B333A4B}.Debug|Any CPU.ActiveCfg = Debug|Any CPU
		{20D99FB9-EE69-4DE3-A739-3FA64B333A4B}.Debug|Any CPU.Build.0 = Debug|Any CPU
		{20D99FB9-EE69-4DE3-A739-3FA64B333A4B}.Release|Any CPU.ActiveCfg = Release|Any CPU
		{20D99FB9-EE69-4DE3-A739-3FA64B333A4B}.Release|Any CPU.Build.0 = Release|Any CPU
	EndGlobalSection
	GlobalSection(SolutionProperties) = preSolution
		HideSolutionNode = FALSE
	EndGlobalSection
	GlobalSection(ExtensibilityGlobals) = postSolution
		SolutionGuid = {4D51F04C-8EFE-4EF4-B918-1B9B238B4305}
	EndGlobalSection
EndGlobal
